# This file is automatically @generated by Cargo.
# It is not intended for manual editing.
version = 4

[[package]]
name = "persia"
version = "0.0.0"
dependencies = [
 "persia-blob",
 "persia-engine",
]

[[package]]
name = "persia-analysis"
version = "0.0.0"

[[package]]
name = "persia-blob"
version = "0.0.0"
dependencies = [
 "persia-format",
 "persia-storage",
]

[[package]]
name = "persia-cli"
version = "0.0.0"
dependencies = [
 "persia",
]

[[package]]
name = "persia-engine"
version = "0.0.0"
dependencies = [
 "persia-analysis",
 "persia-format",
 "persia-storage",
]

[[package]]
name = "persia-format"
version = "0.0.0"

[[package]]
name = "persia-proto"
version = "0.0.0"

[[package]]
name = "persia-server"
version = "0.0.0"
dependencies = [
 "persia",
 "persia-proto",
]

[[package]]
name = "persia-storage"
version = "0.0.0"
dependencies = [
 "persia-format",
]

[[package]]
name = "persia-testutil"
version = "0.0.0"
